// !$*UTF8*$!
{
	archiveVersion = 1;
	classes = {
	};
	objectVersion = 56;
	objects = {

/* Begin PBXBuildFile section */
		7E4C550C2BF4073A0061A11E /* Models.swift in Sources */ = {isa = PBXBuildFile; fileRef = 7E4C550B2BF4073A0061A11E /* Models.swift */; };
		7E4C550E2BF4083D0061A11E /* View+Extensions.swift in Sources */ = {isa = PBXBuildFile; fileRef = 7E4C550D2BF4083D0061A11E /* View+Extensions.swift */; };
		7E4C55102BF408430061A11E /* UICoordinator.swift in Sources */ = {isa = PBXBuildFile; fileRef = 7E4C550F2BF408430061A11E /* UICoordinator.swift */; };
		7E4C55142BF408630061A11E /* Detail.swift in Sources */ = {isa = PBXBuildFile; fileRef = 7E4C55112BF408620061A11E /* Detail.swift */; };
		7E4C55152BF408630061A11E /* Home.swift in Sources */ = {isa = PBXBuildFile; fileRef = 7E4C55122BF408620061A11E /* Home.swift */; };
		7E4C551D2BF43B940061A11E /* HomeVM.swift in Sources */ = {isa = PBXBuildFile; fileRef = 7E4C551C2BF43B940061A11E /* HomeVM.swift */; };
		7E4C551F2BF43C300061A11E /* MealDetailScrollContent.swift in Sources */ = {isa = PBXBuildFile; fileRef = 7E4C551E2BF43C300061A11E /* MealDetailScrollContent.swift */; };
		7E4C55222BF43FA90061A11E /* MealDetailVM.swift in Sources */ = {isa = PBXBuildFile; fileRef = 7E4C55212BF43FA90061A11E /* MealDetailVM.swift */; };
		7E4C55242BF442300061A11E /* UnavailableView.swift in Sources */ = {isa = PBXBuildFile; fileRef = 7E4C55232BF442300061A11E /* UnavailableView.swift */; };
		7E9482F32BF2738C00113722 /* FetchDessertsApp.swift in Sources */ = {isa = PBXBuildFile; fileRef = 7E9482F22BF2738C00113722 /* FetchDessertsApp.swift */; };
		7E9482F72BF2738E00113722 /* Assets.xcassets in Resources */ = {isa = PBXBuildFile; fileRef = 7E9482F62BF2738E00113722 /* Assets.xcassets */; };
		7E9482FA2BF2738E00113722 /* Preview Assets.xcassets in Resources */ = {isa = PBXBuildFile; fileRef = 7E9482F92BF2738E00113722 /* Preview Assets.xcassets */; };
		7E9483012BF273F000113722 /* Network.swift in Sources */ = {isa = PBXBuildFile; fileRef = 7E9483002BF273F000113722 /* Network.swift */; };
		7E9483032BF277CB00113722 /* OldHomeScreen.swift in Sources */ = {isa = PBXBuildFile; fileRef = 7E9483022BF277CB00113722 /* OldHomeScreen.swift */; };
		7E9483052BF2EB1D00113722 /* AlphabetSidebarWithDrag.swift in Sources */ = {isa = PBXBuildFile; fileRef = 7E9483042BF2EB1C00113722 /* AlphabetSidebarWithDrag.swift */; };
		7E9483072BF2F87700113722 /* ViewModifiers.swift in Sources */ = {isa = PBXBuildFile; fileRef = 7E9483062BF2F87700113722 /* ViewModifiers.swift */; };
		7E9483092BF30C4300113722 /* CacheAsyncImage.swift in Sources */ = {isa = PBXBuildFile; fileRef = 7E9483082BF30C4300113722 /* CacheAsyncImage.swift */; };
		7E94830F2BF3158900113722 /* Statics.swift in Sources */ = {isa = PBXBuildFile; fileRef = 7E94830E2BF3158900113722 /* Statics.swift */; };
		7E9483112BF32AB100113722 /* MealItem.swift in Sources */ = {isa = PBXBuildFile; fileRef = 7E9483102BF32AB100113722 /* MealItem.swift */; };
/* End PBXBuildFile section */

/* Begin PBXFileReference section */
		7E4C550B2BF4073A0061A11E /* Models.swift */ = {isa = PBXFileReference; lastKnownFileType = sourcecode.swift; path = Models.swift; sourceTree = "<group>"; };
		7E4C550D2BF4083D0061A11E /* View+Extensions.swift */ = {isa = PBXFileReference; fileEncoding = 4; lastKnownFileType = sourcecode.swift; path = "View+Extensions.swift"; sourceTree = "<group>"; };
		7E4C550F2BF408430061A11E /* UICoordinator.swift */ = {isa = PBXFileReference; fileEncoding = 4; lastKnownFileType = sourcecode.swift; path = UICoordinator.swift; sourceTree = "<group>"; };
		7E4C55112BF408620061A11E /* Detail.swift */ = {isa = PBXFileReference; fileEncoding = 4; lastKnownFileType = sourcecode.swift; path = Detail.swift; sourceTree = "<group>"; };
		7E4C55122BF408620061A11E /* Home.swift */ = {isa = PBXFileReference; fileEncoding = 4; lastKnownFileType = sourcecode.swift; path = Home.swift; sourceTree = "<group>"; };
		7E4C551C2BF43B940061A11E /* HomeVM.swift */ = {isa = PBXFileReference; lastKnownFileType = sourcecode.swift; path = HomeVM.swift; sourceTree = "<group>"; };
		7E4C551E2BF43C300061A11E /* MealDetailScrollContent.swift */ = {isa = PBXFileReference; lastKnownFileType = sourcecode.swift; path = MealDetailScrollContent.swift; sourceTree = "<group>"; };
		7E4C55212BF43FA90061A11E /* MealDetailVM.swift */ = {isa = PBXFileReference; lastKnownFileType = sourcecode.swift; path = MealDetailVM.swift; sourceTree = "<group>"; };
		7E4C55232BF442300061A11E /* UnavailableView.swift */ = {isa = PBXFileReference; lastKnownFileType = sourcecode.swift; path = UnavailableView.swift; sourceTree = "<group>"; };
		7E9482EF2BF2738C00113722 /* FetchDesserts.app */ = {isa = PBXFileReference; explicitFileType = wrapper.application; includeInIndex = 0; path = FetchDesserts.app; sourceTree = BUILT_PRODUCTS_DIR; };
		7E9482F22BF2738C00113722 /* FetchDessertsApp.swift */ = {isa = PBXFileReference; lastKnownFileType = sourcecode.swift; path = FetchDessertsApp.swift; sourceTree = "<group>"; };
		7E9482F62BF2738E00113722 /* Assets.xcassets */ = {isa = PBXFileReference; lastKnownFileType = folder.assetcatalog; path = Assets.xcassets; sourceTree = "<group>"; };
		7E9482F92BF2738E00113722 /* Preview Assets.xcassets */ = {isa = PBXFileReference; lastKnownFileType = folder.assetcatalog; path = "Preview Assets.xcassets"; sourceTree = "<group>"; };
		7E9483002BF273F000113722 /* Network.swift */ = {isa = PBXFileReference; lastKnownFileType = sourcecode.swift; path = Network.swift; sourceTree = "<group>"; };
		7E9483022BF277CB00113722 /* OldHomeScreen.swift */ = {isa = PBXFileReference; lastKnownFileType = sourcecode.swift; path = OldHomeScreen.swift; sourceTree = "<group>"; };
		7E9483042BF2EB1C00113722 /* AlphabetSidebarWithDrag.swift */ = {isa = PBXFileReference; fileEncoding = 4; lastKnownFileType = sourcecode.swift; path = AlphabetSidebarWithDrag.swift; sourceTree = "<group>"; };
		7E9483062BF2F87700113722 /* ViewModifiers.swift */ = {isa = PBXFileReference; lastKnownFileType = sourcecode.swift; path = ViewModifiers.swift; sourceTree = "<group>"; };
		7E9483082BF30C4300113722 /* CacheAsyncImage.swift */ = {isa = PBXFileReference; fileEncoding = 4; lastKnownFileType = sourcecode.swift; path = CacheAsyncImage.swift; sourceTree = "<group>"; };
		7E94830E2BF3158900113722 /* Statics.swift */ = {isa = PBXFileReference; lastKnownFileType = sourcecode.swift; path = Statics.swift; sourceTree = "<group>"; };
		7E9483102BF32AB100113722 /* MealItem.swift */ = {isa = PBXFileReference; lastKnownFileType = sourcecode.swift; path = MealItem.swift; sourceTree = "<group>"; };
/* End PBXFileReference section */

/* Begin PBXFrameworksBuildPhase section */
		7E9482EC2BF2738C00113722 /* Frameworks */ = {
			isa = PBXFrameworksBuildPhase;
			buildActionMask = 2147483647;
			files = (
			);
			runOnlyForDeploymentPostprocessing = 0;
		};
/* End PBXFrameworksBuildPhase section */

/* Begin PBXGroup section */
		7E4C551B2BF436820061A11E /* Deprecated */ = {
			isa = PBXGroup;
			children = (
				7E9483022BF277CB00113722 /* OldHomeScreen.swift */,
			);
			path = Deprecated;
			sourceTree = "<group>";
		};
		7E4C55202BF43F6F0061A11E /* View Models */ = {
			isa = PBXGroup;
			children = (
				7E4C551C2BF43B940061A11E /* HomeVM.swift */,
				7E4C55212BF43FA90061A11E /* MealDetailVM.swift */,
			);
			path = "View Models";
			sourceTree = "<group>";
		};
		7E9482E62BF2738C00113722 = {
			isa = PBXGroup;
			children = (
				7E9482F12BF2738C00113722 /* FetchDesserts */,
				7E9482F02BF2738C00113722 /* Products */,
			);
			sourceTree = "<group>";
		};
		7E9482F02BF2738C00113722 /* Products */ = {
			isa = PBXGroup;
			children = (
				7E9482EF2BF2738C00113722 /* FetchDesserts.app */,
			);
			name = Products;
			sourceTree = "<group>";
		};
		7E9482F12BF2738C00113722 /* FetchDesserts */ = {
			isa = PBXGroup;
			children = (
				7E9482F22BF2738C00113722 /* FetchDessertsApp.swift */,
				7E4C551B2BF436820061A11E /* Deprecated */,
				7E9483172BF32CFA00113722 /* Kavsoft Pinterest Grid Code */,
				7E9483132BF32B2800113722 /* Network */,
				7E9483142BF32B3600113722 /* Other */,
				7E9483122BF32AF300113722 /* Views */,
				7E4C55202BF43F6F0061A11E /* View Models */,
				7E9482F62BF2738E00113722 /* Assets.xcassets */,
				7E9482F82BF2738E00113722 /* Preview Content */,
			);
			path = FetchDesserts;
			sourceTree = "<group>";
		};
		7E9482F82BF2738E00113722 /* Preview Content */ = {
			isa = PBXGroup;
			children = (
				7E9482F92BF2738E00113722 /* Preview Assets.xcassets */,
			);
			path = "Preview Content";
			sourceTree = "<group>";
		};
		7E9483122BF32AF300113722 /* Views */ = {
			isa = PBXGroup;
			children = (
				7E9483042BF2EB1C00113722 /* AlphabetSidebarWithDrag.swift */,
				7E9483082BF30C4300113722 /* CacheAsyncImage.swift */,
				7E4C55122BF408620061A11E /* Home.swift */,
				7E4C551E2BF43C300061A11E /* MealDetailScrollContent.swift */,
				7E9483102BF32AB100113722 /* MealItem.swift */,
				7E4C55232BF442300061A11E /* UnavailableView.swift */,
			);
			path = Views;
			sourceTree = "<group>";
		};
		7E9483132BF32B2800113722 /* Network */ = {
			isa = PBXGroup;
			children = (
				7E9483002BF273F000113722 /* Network.swift */,
			);
			path = Network;
			sourceTree = "<group>";
		};
		7E9483142BF32B3600113722 /* Other */ = {
			isa = PBXGroup;
			children = (
				7E4C550B2BF4073A0061A11E /* Models.swift */,
				7E94830E2BF3158900113722 /* Statics.swift */,
				7E9483062BF2F87700113722 /* ViewModifiers.swift */,
			);
			path = Other;
			sourceTree = "<group>";
		};
		7E9483172BF32CFA00113722 /* Kavsoft Pinterest Grid Code */ = {
			isa = PBXGroup;
			children = (
				7E4C550D2BF4083D0061A11E /* View+Extensions.swift */,
				7E4C550F2BF408430061A11E /* UICoordinator.swift */,
				7E4C55112BF408620061A11E /* Detail.swift */,
			);
			path = "Kavsoft Pinterest Grid Code";
			sourceTree = "<group>";
		};
/* End PBXGroup section */

/* Begin PBXNativeTarget section */
		7E9482EE2BF2738C00113722 /* FetchDesserts */ = {
			isa = PBXNativeTarget;
			buildConfigurationList = 7E9482FD2BF2738E00113722 /* Build configuration list for PBXNativeTarget "FetchDesserts" */;
			buildPhases = (
				7E9482EB2BF2738C00113722 /* Sources */,
				7E9482EC2BF2738C00113722 /* Frameworks */,
				7E9482ED2BF2738C00113722 /* Resources */,
			);
			buildRules = (
			);
			dependencies = (
			);
			name = FetchDesserts;
			productName = FetchDesserts;
			productReference = 7E9482EF2BF2738C00113722 /* FetchDesserts.app */;
			productType = "com.apple.product-type.application";
		};
/* End PBXNativeTarget section */

/* Begin PBXProject section */
		7E9482E72BF2738C00113722 /* Project object */ = {
			isa = PBXProject;
			attributes = {
				BuildIndependentTargetsInParallel = 1;
				LastSwiftUpdateCheck = 1530;
				LastUpgradeCheck = 1530;
				TargetAttributes = {
					7E9482EE2BF2738C00113722 = {
						CreatedOnToolsVersion = 15.3;
					};
				};
			};
			buildConfigurationList = 7E9482EA2BF2738C00113722 /* Build configuration list for PBXProject "FetchDesserts" */;
			compatibilityVersion = "Xcode 14.0";
			developmentRegion = en;
			hasScannedForEncodings = 0;
			knownRegions = (
				en,
				Base,
			);
			mainGroup = 7E9482E62BF2738C00113722;
			productRefGroup = 7E9482F02BF2738C00113722 /* Products */;
			projectDirPath = "";
			projectRoot = "";
			targets = (
				7E9482EE2BF2738C00113722 /* FetchDesserts */,
			);
		};
/* End PBXProject section */

/* Begin PBXResourcesBuildPhase section */
		7E9482ED2BF2738C00113722 /* Resources */ = {
			isa = PBXResourcesBuildPhase;
			buildActionMask = 2147483647;
			files = (
				7E9482FA2BF2738E00113722 /* Preview Assets.xcassets in Resources */,
				7E9482F72BF2738E00113722 /* Assets.xcassets in Resources */,
			);
			runOnlyForDeploymentPostprocessing = 0;
		};
/* End PBXResourcesBuildPhase section */

/* Begin PBXSourcesBuildPhase section */
		7E9482EB2BF2738C00113722 /* Sources */ = {
			isa = PBXSourcesBuildPhase;
			buildActionMask = 2147483647;
			files = (
				7E4C551F2BF43C300061A11E /* MealDetailScrollContent.swift in Sources */,
				7E9483072BF2F87700113722 /* ViewModifiers.swift in Sources */,
				7E4C55242BF442300061A11E /* UnavailableView.swift in Sources */,
				7E4C55222BF43FA90061A11E /* MealDetailVM.swift in Sources */,
				7E94830F2BF3158900113722 /* Statics.swift in Sources */,
				7E4C55142BF408630061A11E /* Detail.swift in Sources */,
				7E9483032BF277CB00113722 /* OldHomeScreen.swift in Sources */,
				7E9483052BF2EB1D00113722 /* AlphabetSidebarWithDrag.swift in Sources */,
				7E9482F32BF2738C00113722 /* FetchDessertsApp.swift in Sources */,
				7E4C55152BF408630061A11E /* Home.swift in Sources */,
				7E9483012BF273F000113722 /* Network.swift in Sources */,
				7E4C550C2BF4073A0061A11E /* Models.swift in Sources */,
				7E4C551D2BF43B940061A11E /* HomeVM.swift in Sources */,
				7E9483092BF30C4300113722 /* CacheAsyncImage.swift in Sources */,
				7E4C550E2BF4083D0061A11E /* View+Extensions.swift in Sources */,
				7E4C55102BF408430061A11E /* UICoordinator.swift in Sources */,
				7E9483112BF32AB100113722 /* MealItem.swift in Sources */,
			);
			runOnlyForDeploymentPostprocessing = 0;
		};
/* End PBXSourcesBuildPhase section */

/* Begin XCBuildConfiguration section */
		7E9482FB2BF2738E00113722 /* Debug */ = {
			isa = XCBuildConfiguration;
			buildSettings = {
				ALWAYS_SEARCH_USER_PATHS = NO;
				ASSETCATALOG_COMPILER_GENERATE_SWIFT_ASSET_SYMBOL_EXTENSIONS = YES;
				CLANG_ANALYZER_NONNULL = YES;
				CLANG_ANALYZER_NUMBER_OBJECT_CONVERSION = YES_AGGRESSIVE;
				CLANG_CXX_LANGUAGE_STANDARD = "gnu++20";
				CLANG_ENABLE_MODULES = YES;
				CLANG_ENABLE_OBJC_ARC = YES;
				CLANG_ENABLE_OBJC_WEAK = YES;
				CLANG_WARN_BLOCK_CAPTURE_AUTORELEASING = YES;
				CLANG_WARN_BOOL_CONVERSION = YES;
				CLANG_WARN_COMMA = YES;
				CLANG_WARN_CONSTANT_CONVERSION = YES;
				CLANG_WARN_DEPRECATED_OBJC_IMPLEMENTATIONS = YES;
				CLANG_WARN_DIRECT_OBJC_ISA_USAGE = YES_ERROR;
				CLANG_WARN_DOCUMENTATION_COMMENTS = YES;
				CLANG_WARN_EMPTY_BODY = YES;
				CLANG_WARN_ENUM_CONVERSION = YES;
				CLANG_WARN_INFINITE_RECURSION = YES;
				CLANG_WARN_INT_CONVERSION = YES;
				CLANG_WARN_NON_LITERAL_NULL_CONVERSION = YES;
				CLANG_WARN_OBJC_IMPLICIT_RETAIN_SELF = YES;
				CLANG_WARN_OBJC_LITERAL_CONVERSION = YES;
				CLANG_WARN_OBJC_ROOT_CLASS = YES_ERROR;
				CLANG_WARN_QUOTED_INCLUDE_IN_FRAMEWORK_HEADER = YES;
				CLANG_WARN_RANGE_LOOP_ANALYSIS = YES;
				CLANG_WARN_STRICT_PROTOTYPES = YES;
				CLANG_WARN_SUSPICIOUS_MOVE = YES;
				CLANG_WARN_UNGUARDED_AVAILABILITY = YES_AGGRESSIVE;
				CLANG_WARN_UNREACHABLE_CODE = YES;
				CLANG_WARN__DUPLICATE_METHOD_MATCH = YES;
				COPY_PHASE_STRIP = NO;
				DEBUG_INFORMATION_FORMAT = dwarf;
				ENABLE_STRICT_OBJC_MSGSEND = YES;
				ENABLE_TESTABILITY = YES;
				ENABLE_USER_SCRIPT_SANDBOXING = YES;
				GCC_C_LANGUAGE_STANDARD = gnu17;
				GCC_DYNAMIC_NO_PIC = NO;
				GCC_NO_COMMON_BLOCKS = YES;
				GCC_OPTIMIZATION_LEVEL = 0;
				GCC_PREPROCESSOR_DEFINITIONS = (
					"DEBUG=1",
					"$(inherited)",
				);
				GCC_WARN_64_TO_32_BIT_CONVERSION = YES;
				GCC_WARN_ABOUT_RETURN_TYPE = YES_ERROR;
				GCC_WARN_UNDECLARED_SELECTOR = YES;
				GCC_WARN_UNINITIALIZED_AUTOS = YES_AGGRESSIVE;
				GCC_WARN_UNUSED_FUNCTION = YES;
				GCC_WARN_UNUSED_VARIABLE = YES;
				IPHONEOS_DEPLOYMENT_TARGET = 17.4;
				LOCALIZATION_PREFERS_STRING_CATALOGS = YES;
				MTL_ENABLE_DEBUG_INFO = INCLUDE_SOURCE;
				MTL_FAST_MATH = YES;
				ONLY_ACTIVE_ARCH = YES;
				SDKROOT = iphoneos;
				SWIFT_ACTIVE_COMPILATION_CONDITIONS = "DEBUG $(inherited)";
				SWIFT_OPTIMIZATION_LEVEL = "-Onone";
			};
			name = Debug;
		};
		7E9482FC2BF2738E00113722 /* Release */ = {
			isa = XCBuildConfiguration;
			buildSettings = {
				ALWAYS_SEARCH_USER_PATHS = NO;
				ASSETCATALOG_COMPILER_GENERATE_SWIFT_ASSET_SYMBOL_EXTENSIONS = YES;
				CLANG_ANALYZER_NONNULL = YES;
				CLANG_ANALYZER_NUMBER_OBJECT_CONVERSION = YES_AGGRESSIVE;
				CLANG_CXX_LANGUAGE_STANDARD = "gnu++20";
				CLANG_ENABLE_MODULES = YES;
				CLANG_ENABLE_OBJC_ARC = YES;
				CLANG_ENABLE_OBJC_WEAK = YES;
				CLANG_WARN_BLOCK_CAPTURE_AUTORELEASING = YES;
				CLANG_WARN_BOOL_CONVERSION = YES;
				CLANG_WARN_COMMA = YES;
				CLANG_WARN_CONSTANT_CONVERSION = YES;
				CLANG_WARN_DEPRECATED_OBJC_IMPLEMENTATIONS = YES;
				CLANG_WARN_DIRECT_OBJC_ISA_USAGE = YES_ERROR;
				CLANG_WARN_DOCUMENTATION_COMMENTS = YES;
				CLANG_WARN_EMPTY_BODY = YES;
				CLANG_WARN_ENUM_CONVERSION = YES;
				CLANG_WARN_INFINITE_RECURSION = YES;
				CLANG_WARN_INT_CONVERSION = YES;
				CLANG_WARN_NON_LITERAL_NULL_CONVERSION = YES;
				CLANG_WARN_OBJC_IMPLICIT_RETAIN_SELF = YES;
				CLANG_WARN_OBJC_LITERAL_CONVERSION = YES;
				CLANG_WARN_OBJC_ROOT_CLASS = YES_ERROR;
				CLANG_WARN_QUOTED_INCLUDE_IN_FRAMEWORK_HEADER = YES;
				CLANG_WARN_RANGE_LOOP_ANALYSIS = YES;
				CLANG_WARN_STRICT_PROTOTYPES = YES;
				CLANG_WARN_SUSPICIOUS_MOVE = YES;
				CLANG_WARN_UNGUARDED_AVAILABILITY = YES_AGGRESSIVE;
				CLANG_WARN_UNREACHABLE_CODE = YES;
				CLANG_WARN__DUPLICATE_METHOD_MATCH = YES;
				COPY_PHASE_STRIP = NO;
				DEBUG_INFORMATION_FORMAT = "dwarf-with-dsym";
				ENABLE_NS_ASSERTIONS = NO;
				ENABLE_STRICT_OBJC_MSGSEND = YES;
				ENABLE_USER_SCRIPT_SANDBOXING = YES;
				GCC_C_LANGUAGE_STANDARD = gnu17;
				GCC_NO_COMMON_BLOCKS = YES;
				GCC_WARN_64_TO_32_BIT_CONVERSION = YES;
				GCC_WARN_ABOUT_RETURN_TYPE = YES_ERROR;
				GCC_WARN_UNDECLARED_SELECTOR = YES;
				GCC_WARN_UNINITIALIZED_AUTOS = YES_AGGRESSIVE;
				GCC_WARN_UNUSED_FUNCTION = YES;
				GCC_WARN_UNUSED_VARIABLE = YES;
				IPHONEOS_DEPLOYMENT_TARGET = 17.4;
				LOCALIZATION_PREFERS_STRING_CATALOGS = YES;
				MTL_ENABLE_DEBUG_INFO = NO;
				MTL_FAST_MATH = YES;
				SDKROOT = iphoneos;
				SWIFT_COMPILATION_MODE = wholemodule;
				VALIDATE_PRODUCT = YES;
			};
			name = Release;
		};
		7E9482FE2BF2738E00113722 /* Debug */ = {
			isa = XCBuildConfiguration;
			buildSettings = {
				ASSETCATALOG_COMPILER_APPICON_NAME = AppIcon;
				ASSETCATALOG_COMPILER_GLOBAL_ACCENT_COLOR_NAME = AccentColor;
				CODE_SIGN_STYLE = Automatic;
				CURRENT_PROJECT_VERSION = 1;
				DEVELOPMENT_ASSET_PATHS = "\"FetchDesserts/Preview Content\"";
				DEVELOPMENT_TEAM = P37BL29UZP;
				ENABLE_PREVIEWS = YES;
				GENERATE_INFOPLIST_FILE = YES;
				INFOPLIST_KEY_UIApplicationSceneManifest_Generation = YES;
				INFOPLIST_KEY_UIApplicationSupportsIndirectInputEvents = YES;
				INFOPLIST_KEY_UILaunchScreen_Generation = YES;
				INFOPLIST_KEY_UISupportedInterfaceOrientations_iPad = "UIInterfaceOrientationPortrait UIInterfaceOrientationPortraitUpsideDown UIInterfaceOrientationLandscapeLeft UIInterfaceOrientationLandscapeRight";
				INFOPLIST_KEY_UISupportedInterfaceOrientations_iPhone = "UIInterfaceOrientationPortrait UIInterfaceOrientationLandscapeLeft UIInterfaceOrientationLandscapeRight";
				LD_RUNPATH_SEARCH_PATHS = (
					"$(inherited)",
					"@executable_path/Frameworks",
				);
				MARKETING_VERSION = 1.0;
				PRODUCT_BUNDLE_IDENTIFIER = m0resleepstudios.FetchDesserts;
				PRODUCT_NAME = "$(TARGET_NAME)";
				SWIFT_EMIT_LOC_STRINGS = YES;
				SWIFT_VERSION = 5.0;
				TARGETED_DEVICE_FAMILY = "1,2";
			};
			name = Debug;
		};
		7E9482FF2BF2738E00113722 /* Release */ = {
			isa = XCBuildConfiguration;
			buildSettings = {
				ASSETCATALOG_COMPILER_APPICON_NAME = AppIcon;
				ASSETCATALOG_COMPILER_GLOBAL_ACCENT_COLOR_NAME = AccentColor;
				CODE_SIGN_STYLE = Automatic;
				CURRENT_PROJECT_VERSION = 1;
				DEVELOPMENT_ASSET_PATHS = "\"FetchDesserts/Preview Content\"";
				DEVELOPMENT_TEAM = P37BL29UZP;
				ENABLE_PREVIEWS = YES;
				GENERATE_INFOPLIST_FILE = YES;
				INFOPLIST_KEY_UIApplicationSceneManifest_Generation = YES;
				INFOPLIST_KEY_UIApplicationSupportsIndirectInputEvents = YES;
				INFOPLIST_KEY_UILaunchScreen_Generation = YES;
				INFOPLIST_KEY_UISupportedInterfaceOrientations_iPad = "UIInterfaceOrientationPortrait UIInterfaceOrientationPortraitUpsideDown UIInterfaceOrientationLandscapeLeft UIInterfaceOrientationLandscapeRight";
				INFOPLIST_KEY_UISupportedInterfaceOrientations_iPhone = "UIInterfaceOrientationPortrait UIInterfaceOrientationLandscapeLeft UIInterfaceOrientationLandscapeRight";
				LD_RUNPATH_SEARCH_PATHS = (
					"$(inherited)",
					"@executable_path/Frameworks",
				);
				MARKETING_VERSION = 1.0;
				PRODUCT_BUNDLE_IDENTIFIER = m0resleepstudios.FetchDesserts;
				PRODUCT_NAME = "$(TARGET_NAME)";
				SWIFT_EMIT_LOC_STRINGS = YES;
				SWIFT_VERSION = 5.0;
				TARGETED_DEVICE_FAMILY = "1,2";
			};
			name = Release;
		};
/* End XCBuildConfiguration section */

/* Begin XCConfigurationList section */
		7E9482EA2BF2738C00113722 /* Build configuration list for PBXProject "FetchDesserts" */ = {
			isa = XCConfigurationList;
			buildConfigurations = (
				7E9482FB2BF2738E00113722 /* Debug */,
				7E9482FC2BF2738E00113722 /* Release */,
			);
			defaultConfigurationIsVisible = 0;
			defaultConfigurationName = Release;
		};
		7E9482FD2BF2738E00113722 /* Build configuration list for PBXNativeTarget "FetchDesserts" */ = {
			isa = XCConfigurationList;
			buildConfigurations = (
				7E9482FE2BF2738E00113722 /* Debug */,
				7E9482FF2BF2738E00113722 /* Release */,
			);
			defaultConfigurationIsVisible = 0;
			defaultConfigurationName = Release;
		};
/* End XCConfigurationList section */
	};
	rootObject = 7E9482E72BF2738C00113722 /* Project object */;
}
