{
  "originHash" : "7b053422b020dce7a9be2c7ef325d71eb584450711cd5f7fb96891e9a6f1c298",
  "pins" : [
    {
      "identity" : "youtubeplayerkit",
      "kind" : "remoteSourceControl",
      "location" : "https://github.com/SvenTiigi/YouTubePlayerKit",
      "state" : {
        "revision" : "5ade0dfbabaf7456069b4e8f604de261bf6d7c67",
        "version" : "1.8.0"
      }
    }
  ],
  "version" : 3
}
